{
    "_readme": [
        "This file locks the dependencies of your project to a known state",
        "Read more about it at https://getcomposer.org/doc/01-basic-usage.md#installing-dependencies",
        "This file is @generated automatically"
    ],
    "content-hash": "04846335eb075e17e353d72e4a5edf39",
    "packages": [
        {
            "name": "franciscoblancojn/ave-composer-connect-shopify",
            "version": "v1.0.18",
            "source": {
                "type": "git",
                "url": "https://github.com/franciscoblancojn/ave-composer-connect-shopify.git",
                "reference": "b6d65ff327a46ed98dedaa3c5efbed0d83457d13"
            },
            "dist": {
                "type": "zip",
                "url": "https://api.github.com/repos/franciscoblancojn/ave-composer-connect-shopify/zipball/b6d65ff327a46ed98dedaa3c5efbed0d83457d13",
                "reference": "b6d65ff327a46ed98dedaa3c5efbed0d83457d13",
                "shasum": ""
            },
            "require": {
                "franciscoblancojn/composer-validator": "^1"
            },
            "type": "library",
            "autoload": {
                "psr-4": {
                    "franciscoblancojn\\AveConnectShopify\\": "src/"
                }
            },
            "notification-url": "https://packagist.org/downloads/",
            "license": [
                "MIT"
            ],
            "description": "Libreria para conectar con Shopify",
            "support": {
                "issues": "https://github.com/franciscoblancojn/ave-composer-connect-shopify/issues",
                "source": "https://github.com/franciscoblancojn/ave-composer-connect-shopify/tree/v1.0.18"
            },
            "time": "2025-09-09T17:16:00+00:00"
        },
        {
            "name": "franciscoblancojn/composer-validator",
            "version": "v1.0.4",
            "source": {
                "type": "git",
                "url": "https://github.com/franciscoblancojn/composer-validator.git",
                "reference": "1a115074d16c253081f0880c672511a59ccbd803"
            },
            "dist": {
                "type": "zip",
                "url": "https://api.github.com/repos/franciscoblancojn/composer-validator/zipball/1a115074d16c253081f0880c672511a59ccbd803",
                "reference": "1a115074d16c253081f0880c672511a59ccbd803",
                "shasum": ""
            },
            "type": "library",
            "autoload": {
                "files": [
                    "src/FValidator.php"
                ],
                "psr-4": {
                    "franciscoblancojn\\validator\\": "src/"
                }
            },
            "notification-url": "https://packagist.org/downloads/",
            "license": [
                "MIT"
            ],
            "description": "Libreria para validar datos",
            "support": {
                "issues": "https://github.com/franciscoblancojn/composer-validator/issues",
                "source": "https://github.com/franciscoblancojn/composer-validator/tree/v1.0.4"
            },
            "time": "2025-09-01T22:02:57+00:00"
        }
    ],
    "packages-dev": [],
    "aliases": [],
    "minimum-stability": "stable",
    "stability-flags": {},
    "prefer-stable": false,
    "prefer-lowest": false,
    "platform": {},
    "platform-dev": {},
    "plugin-api-version": "2.6.0"
}
